<?xml version="1.0" encoding="UTF-8"?>
<CONFIG>
  <ProjectOptions>
    <Version Value="12"/>
    <General>
      <Flags>
        <CompatibilityMode Value="True"/>
      </Flags>
      <SessionStorage Value="InProjectDir"/>
      <Title Value="project1"/>
      <Scaled Value="True"/>
      <ResourceType Value="res"/>
      <UseXPManifest Value="True"/>
      <XPManifest>
        <DpiAware Value="True"/>
      </XPManifest>
      <Icon Value="0"/>
    </General>
    <BuildModes Count="1">
      <Item1 Name="Default" Default="True"/>
    </BuildModes>
    <PublishOptions>
      <Version Value="2"/>
      <UseFileFilters Value="True"/>
    </PublishOptions>
    <RunParams>
      <FormatVersion Value="2"/>
    </RunParams>
    <RequiredPackages Count="1">
      <Item1>
        <PackageName Value="LCL"/>
      </Item1>
    </RequiredPackages>
    <Units Count="11">
      <Unit0>
        <Filename Value="project1.lpr"/>
        <IsPartOfProject Value="True"/>
      </Unit0>
      <Unit1>
        <Filename Value="unit1.pas"/>
        <IsPartOfProject Value="True"/>
        <ComponentName Value="Form1"/>
        <HasResources Value="True"/>
        <ResourceBaseClass Value="Form"/>
        <UnitName Value="Unit1"/>
      </Unit1>
      <Unit2>
        <Filename Value="wmbutton.pas"/>
        <IsPartOfProject Value="True"/>
        <UnitName Value="WMButton"/>
      </Unit2>
      <Unit3>
        <Filename Value="wmview.pas"/>
        <IsPartOfProject Value="True"/>
        <UnitName Value="WMView"/>
      </Unit3>
      <Unit4>
        <Filename Value="wmwindow.pas"/>
        <IsPartOfProject Value="True"/>
        <UnitName Value="WMWindow"/>
      </Unit4>
      <Unit5>
        <Filename Value="wmdialog.pas"/>
        <IsPartOfProject Value="True"/>
        <UnitName Value="WMDialog"/>
      </Unit5>
      <Unit6>
        <Filename Value="wmdesktop.pas"/>
        <IsPartOfProject Value="True"/>
        <UnitName Value="WMDesktop"/>
      </Unit6>
      <Unit7>
        <Filename Value="wmapplication.pas"/>
        <IsPartOfProject Value="True"/>
        <UnitName Value="WMApplication"/>
      </Unit7>
      <Unit8>
        <Filename Value="wmmenu.pas"/>
        <IsPartOfProject Value="True"/>
        <UnitName Value="WMMenu"/>
      </Unit8>
      <Unit9>
        <Filename Value="wmmemo.pas"/>
        <IsPartOfProject Value="True"/>
        <UnitName Value="WMMemo"/>
      </Unit9>
      <Unit10>
        <Filename Value="wmtoolbar.pas"/>
        <IsPartOfProject Value="True"/>
        <UnitName Value="WMToolbar"/>
      </Unit10>
    </Units>
  </ProjectOptions>
  <CompilerOptions>
    <Version Value="11"/>
    <Target>
      <Filename Value="project1"/>
    </Target>
    <SearchPaths>
      <IncludeFiles Value="$(ProjOutDir)"/>
      <UnitOutputDirectory Value="lib/$(TargetCPU)-$(TargetOS)"/>
    </SearchPaths>
    <Linking>
      <Options>
        <Win32>
          <GraphicApplication Value="True"/>
        </Win32>
      </Options>
    </Linking>
  </CompilerOptions>
  <Debugging>
    <Exceptions Count="4">
      <Item1>
        <Name Value="EAbort"/>
      </Item1>
      <Item2>
        <Name Value="ECodetoolError"/>
      </Item2>
      <Item3>
        <Name Value="EFOpenError"/>
      </Item3>
      <Item4>
        <Name Value="EAccessViolation"/>
      </Item4>
    </Exceptions>
  </Debugging>
</CONFIG>
